
Microsoft Visual Studio Solution File, Format Version 12.00
# Visual Studio 14
VisualStudioVersion = 14.0.25123.0
MinimumVisualStudioVersion = 10.0.40219.1
Project("{FAE04EC0-301F-11D3-BF4B-00C04F79EFBC}") = "DecisionTableCreator", "DecisionTableCreator\DecisionTableCreator.csproj", "{42444D72-3E56-4BD6-9CC0-5E674F1BD693}"
EndProject
Project("{FAE04EC0-301F-11D3-BF4B-00C04F79EFBC}") = "UnitTestSupport", "UnitTestSupport\UnitTestSupport.csproj", "{89C32FE9-0A2A-4340-838F-A16B45EBB40B}"
EndProject
Project("{FAE04EC0-301F-11D3-BF4B-00C04F79EFBC}") = "UnitTests1", "UnitTests1\UnitTests1.csproj", "{54DEB0C9-3CDC-4947-9BAF-D8F55661F9BB}"
EndProject
Project("{FAE04EC0-301F-11D3-BF4B-00C04F79EFBC}") = "UnitTests2", "UnitTests2\UnitTests2.csproj", "{D7F7EC5A-6426-41D9-A4E2-C1FCEB1B6531}"
EndProject
Project("{FAE04EC0-301F-11D3-BF4B-00C04F79EFBC}") = "UiTest", "UiTest\UiTest.csproj", "{8441B507-73C7-409F-9A26-BF1C6BF1C211}"
EndProject
Project("{2150E333-8FDC-42A3-9474-1A3956D46DE8}") = "Solution Items", "Solution Items", "{FF139752-D21F-42EA-88EE-48F5A7128823}"
	ProjectSection(SolutionItems) = preProject
		EditAction.png = EditAction.png
		EditCondition.png = EditCondition.png
		license.md = license.md
		MainWindow.png = MainWindow.png
		Readme.md = Readme.md
		ReleaseNotes.md = ReleaseNotes.md
	EndProjectSection
EndProject
Global
	GlobalSection(SolutionConfigurationPlatforms) = preSolution
		Debug|Any CPU = Debug|Any CPU
		Debug|Mixed Platforms = Debug|Mixed Platforms
		Debug|Win32 = Debug|Win32
		Debug|x86 = Debug|x86
		Release|Any CPU = Release|Any CPU
		Release|Mixed Platforms = Release|Mixed Platforms
		Release|Win32 = Release|Win32
		Release|x86 = Release|x86
	EndGlobalSection
	GlobalSection(ProjectConfigurationPlatforms) = postSolution
		{42444D72-3E56-4BD6-9CC0-5E674F1BD693}.Debug|Any CPU.ActiveCfg = Debug|Any CPU
		{42444D72-3E56-4BD6-9CC0-5E674F1BD693}.Debug|Any CPU.Build.0 = Debug|Any CPU
		{42444D72-3E56-4BD6-9CC0-5E674F1BD693}.Debug|Mixed Platforms.ActiveCfg = Debug|Any CPU
		{42444D72-3E56-4BD6-9CC0-5E674F1BD693}.Debug|Win32.ActiveCfg = Debug|Any CPU
		{42444D72-3E56-4BD6-9CC0-5E674F1BD693}.Debug|x86.ActiveCfg = Debug|Any CPU
		{42444D72-3E56-4BD6-9CC0-5E674F1BD693}.Debug|x86.Build.0 = Debug|Any CPU
		{42444D72-3E56-4BD6-9CC0-5E674F1BD693}.Release|Any CPU.ActiveCfg = Release|Any CPU
		{42444D72-3E56-4BD6-9CC0-5E674F1BD693}.Release|Any CPU.Build.0 = Release|Any CPU
		{42444D72-3E56-4BD6-9CC0-5E674F1BD693}.Release|Mixed Platforms.ActiveCfg = Release|Any CPU
		{42444D72-3E56-4BD6-9CC0-5E674F1BD693}.Release|Win32.ActiveCfg = Release|Any CPU
		{42444D72-3E56-4BD6-9CC0-5E674F1BD693}.Release|x86.ActiveCfg = Release|Any CPU
		{42444D72-3E56-4BD6-9CC0-5E674F1BD693}.Release|x86.Build.0 = Release|Any CPU
		{89C32FE9-0A2A-4340-838F-A16B45EBB40B}.Debug|Any CPU.ActiveCfg = Debug|Any CPU
		{89C32FE9-0A2A-4340-838F-A16B45EBB40B}.Debug|Any CPU.Build.0 = Debug|Any CPU
		{89C32FE9-0A2A-4340-838F-A16B45EBB40B}.Debug|Mixed Platforms.ActiveCfg = Debug|Any CPU
		{89C32FE9-0A2A-4340-838F-A16B45EBB40B}.Debug|Win32.ActiveCfg = Debug|Any CPU
		{89C32FE9-0A2A-4340-838F-A16B45EBB40B}.Debug|x86.ActiveCfg = Debug|Any CPU
		{89C32FE9-0A2A-4340-838F-A16B45EBB40B}.Debug|x86.Build.0 = Debug|Any CPU
		{89C32FE9-0A2A-4340-838F-A16B45EBB40B}.Release|Any CPU.ActiveCfg = Release|Any CPU
		{89C32FE9-0A2A-4340-838F-A16B45EBB40B}.Release|Any CPU.Build.0 = Release|Any CPU
		{89C32FE9-0A2A-4340-838F-A16B45EBB40B}.Release|Mixed Platforms.ActiveCfg = Release|Any CPU
		{89C32FE9-0A2A-4340-838F-A16B45EBB40B}.Release|Win32.ActiveCfg = Release|Any CPU
		{89C32FE9-0A2A-4340-838F-A16B45EBB40B}.Release|x86.ActiveCfg = Release|Any CPU
		{89C32FE9-0A2A-4340-838F-A16B45EBB40B}.Release|x86.Build.0 = Release|Any CPU
		{54DEB0C9-3CDC-4947-9BAF-D8F55661F9BB}.Debug|Any CPU.ActiveCfg = Debug|Any CPU
		{54DEB0C9-3CDC-4947-9BAF-D8F55661F9BB}.Debug|Any CPU.Build.0 = Debug|Any CPU
		{54DEB0C9-3CDC-4947-9BAF-D8F55661F9BB}.Debug|Mixed Platforms.ActiveCfg = Debug|Any CPU
		{54DEB0C9-3CDC-4947-9BAF-D8F55661F9BB}.Debug|Win32.ActiveCfg = Debug|Any CPU
		{54DEB0C9-3CDC-4947-9BAF-D8F55661F9BB}.Debug|x86.ActiveCfg = Debug|Any CPU
		{54DEB0C9-3CDC-4947-9BAF-D8F55661F9BB}.Debug|x86.Build.0 = Debug|Any CPU
		{54DEB0C9-3CDC-4947-9BAF-D8F55661F9BB}.Release|Any CPU.ActiveCfg = Release|Any CPU
		{54DEB0C9-3CDC-4947-9BAF-D8F55661F9BB}.Release|Any CPU.Build.0 = Release|Any CPU
		{54DEB0C9-3CDC-4947-9BAF-D8F55661F9BB}.Release|Mixed Platforms.ActiveCfg = Release|Any CPU
		{54DEB0C9-3CDC-4947-9BAF-D8F55661F9BB}.Release|Win32.ActiveCfg = Release|Any CPU
		{54DEB0C9-3CDC-4947-9BAF-D8F55661F9BB}.Release|x86.ActiveCfg = Release|Any CPU
		{54DEB0C9-3CDC-4947-9BAF-D8F55661F9BB}.Release|x86.Build.0 = Release|Any CPU
		{D7F7EC5A-6426-41D9-A4E2-C1FCEB1B6531}.Debug|Any CPU.ActiveCfg = Debug|Any CPU
		{D7F7EC5A-6426-41D9-A4E2-C1FCEB1B6531}.Debug|Any CPU.Build.0 = Debug|Any CPU
		{D7F7EC5A-6426-41D9-A4E2-C1FCEB1B6531}.Debug|Mixed Platforms.ActiveCfg = Debug|Any CPU
		{D7F7EC5A-6426-41D9-A4E2-C1FCEB1B6531}.Debug|Win32.ActiveCfg = Debug|Any CPU
		{D7F7EC5A-6426-41D9-A4E2-C1FCEB1B6531}.Debug|x86.ActiveCfg = Debug|Any CPU
		{D7F7EC5A-6426-41D9-A4E2-C1FCEB1B6531}.Debug|x86.Build.0 = Debug|Any CPU
		{D7F7EC5A-6426-41D9-A4E2-C1FCEB1B6531}.Release|Any CPU.ActiveCfg = Release|Any CPU
		{D7F7EC5A-6426-41D9-A4E2-C1FCEB1B6531}.Release|Any CPU.Build.0 = Release|Any CPU
		{D7F7EC5A-6426-41D9-A4E2-C1FCEB1B6531}.Release|Mixed Platforms.ActiveCfg = Release|Any CPU
		{D7F7EC5A-6426-41D9-A4E2-C1FCEB1B6531}.Release|Win32.ActiveCfg = Release|Any CPU
		{D7F7EC5A-6426-41D9-A4E2-C1FCEB1B6531}.Release|x86.ActiveCfg = Release|Any CPU
		{D7F7EC5A-6426-41D9-A4E2-C1FCEB1B6531}.Release|x86.Build.0 = Release|Any CPU
		{8441B507-73C7-409F-9A26-BF1C6BF1C211}.Debug|Any CPU.ActiveCfg = Debug|Any CPU
		{8441B507-73C7-409F-9A26-BF1C6BF1C211}.Debug|Any CPU.Build.0 = Debug|Any CPU
		{8441B507-73C7-409F-9A26-BF1C6BF1C211}.Debug|Mixed Platforms.ActiveCfg = Debug|Any CPU
		{8441B507-73C7-409F-9A26-BF1C6BF1C211}.Debug|Win32.ActiveCfg = Debug|Any CPU
		{8441B507-73C7-409F-9A26-BF1C6BF1C211}.Debug|x86.ActiveCfg = Debug|Any CPU
		{8441B507-73C7-409F-9A26-BF1C6BF1C211}.Debug|x86.Build.0 = Debug|Any CPU
		{8441B507-73C7-409F-9A26-BF1C6BF1C211}.Release|Any CPU.ActiveCfg = Release|Any CPU
		{8441B507-73C7-409F-9A26-BF1C6BF1C211}.Release|Any CPU.Build.0 = Release|Any CPU
		{8441B507-73C7-409F-9A26-BF1C6BF1C211}.Release|Mixed Platforms.ActiveCfg = Release|Any CPU
		{8441B507-73C7-409F-9A26-BF1C6BF1C211}.Release|Win32.ActiveCfg = Release|Any CPU
		{8441B507-73C7-409F-9A26-BF1C6BF1C211}.Release|x86.ActiveCfg = Release|Any CPU
		{8441B507-73C7-409F-9A26-BF1C6BF1C211}.Release|x86.Build.0 = Release|Any CPU
	EndGlobalSection
	GlobalSection(SolutionProperties) = preSolution
		HideSolutionNode = FALSE
	EndGlobalSection
EndGlobal
